
Microsoft Visual Studio Solution File, Format Version 12.00
# Visual Studio 15
VisualStudioVersion = 15.0.28107.0
MinimumVisualStudioVersion = 10.0.40219.1
Project("{9A19103F-16F7-4668-BE54-9A1E7A4F7556}") = "HttpServer", "src\HttpServer\HttpServer.csproj", "{68C1C6EF-85BF-4183-8260-8A21B4FB8820}"
EndProject
Project("{9A19103F-16F7-4668-BE54-9A1E7A4F7556}") = "HttpServer.Tests", "src\HttpServer.Tests\HttpServer.Tests.csproj", "{1EDE166D-A9D1-425F-8365-1758491D6256}"
EndProject
Project("{9A19103F-16F7-4668-BE54-9A1E7A4F7556}") = "HttpServer.NetCore", "src\HttpServer.NetCore\HttpServer.NetCore.csproj", "{99E143C8-EC40-4731-AC0D-BD4D76E30531}"
EndProject
Project("{9A19103F-16F7-4668-BE54-9A1E7A4F7556}") = "TestConsoleApp", "src\TestConsoleApp\TestConsoleApp.csproj", "{F414AF75-1A08-4CF8-8E95-73536EF7A940}"
EndProject
Global
	GlobalSection(SolutionConfigurationPlatforms) = preSolution
		Debug|Any CPU = Debug|Any CPU
		Debug|ARM = Debug|ARM
		Debug|x64 = Debug|x64
		Debug|x86 = Debug|x86
		Release|Any CPU = Release|Any CPU
		Release|ARM = Release|ARM
		Release|x64 = Release|x64
		Release|x86 = Release|x86
	EndGlobalSection
	GlobalSection(ProjectConfigurationPlatforms) = postSolution
		{68C1C6EF-85BF-4183-8260-8A21B4FB8820}.Debug|Any CPU.ActiveCfg = Debug|Any CPU
		{68C1C6EF-85BF-4183-8260-8A21B4FB8820}.Debug|Any CPU.Build.0 = Debug|Any CPU
		{68C1C6EF-85BF-4183-8260-8A21B4FB8820}.Debug|ARM.ActiveCfg = Debug|Any CPU
		{68C1C6EF-85BF-4183-8260-8A21B4FB8820}.Debug|ARM.Build.0 = Debug|Any CPU
		{68C1C6EF-85BF-4183-8260-8A21B4FB8820}.Debug|x64.ActiveCfg = Debug|Any CPU
		{68C1C6EF-85BF-4183-8260-8A21B4FB8820}.Debug|x64.Build.0 = Debug|Any CPU
		{68C1C6EF-85BF-4183-8260-8A21B4FB8820}.Debug|x86.ActiveCfg = Debug|Any CPU
		{68C1C6EF-85BF-4183-8260-8A21B4FB8820}.Debug|x86.Build.0 = Debug|Any CPU
		{68C1C6EF-85BF-4183-8260-8A21B4FB8820}.Release|Any CPU.ActiveCfg = Release|Any CPU
		{68C1C6EF-85BF-4183-8260-8A21B4FB8820}.Release|Any CPU.Build.0 = Release|Any CPU
		{68C1C6EF-85BF-4183-8260-8A21B4FB8820}.Release|ARM.ActiveCfg = Release|Any CPU
		{68C1C6EF-85BF-4183-8260-8A21B4FB8820}.Release|ARM.Build.0 = Release|Any CPU
		{68C1C6EF-85BF-4183-8260-8A21B4FB8820}.Release|x64.ActiveCfg = Release|Any CPU
		{68C1C6EF-85BF-4183-8260-8A21B4FB8820}.Release|x64.Build.0 = Release|Any CPU
		{68C1C6EF-85BF-4183-8260-8A21B4FB8820}.Release|x86.ActiveCfg = Release|Any CPU
		{68C1C6EF-85BF-4183-8260-8A21B4FB8820}.Release|x86.Build.0 = Release|Any CPU
		{1EDE166D-A9D1-425F-8365-1758491D6256}.Debug|Any CPU.ActiveCfg = Debug|Any CPU
		{1EDE166D-A9D1-425F-8365-1758491D6256}.Debug|Any CPU.Build.0 = Debug|Any CPU
		{1EDE166D-A9D1-425F-8365-1758491D6256}.Debug|ARM.ActiveCfg = Debug|Any CPU
		{1EDE166D-A9D1-425F-8365-1758491D6256}.Debug|ARM.Build.0 = Debug|Any CPU
		{1EDE166D-A9D1-425F-8365-1758491D6256}.Debug|x64.ActiveCfg = Debug|Any CPU
		{1EDE166D-A9D1-425F-8365-1758491D6256}.Debug|x64.Build.0 = Debug|Any CPU
		{1EDE166D-A9D1-425F-8365-1758491D6256}.Debug|x86.ActiveCfg = Debug|Any CPU
		{1EDE166D-A9D1-425F-8365-1758491D6256}.Debug|x86.Build.0 = Debug|Any CPU
		{1EDE166D-A9D1-425F-8365-1758491D6256}.Release|Any CPU.ActiveCfg = Release|Any CPU
		{1EDE166D-A9D1-425F-8365-1758491D6256}.Release|Any CPU.Build.0 = Release|Any CPU
		{1EDE166D-A9D1-425F-8365-1758491D6256}.Release|ARM.ActiveCfg = Release|Any CPU
		{1EDE166D-A9D1-425F-8365-1758491D6256}.Release|ARM.Build.0 = Release|Any CPU
		{1EDE166D-A9D1-425F-8365-1758491D6256}.Release|x64.ActiveCfg = Release|Any CPU
		{1EDE166D-A9D1-425F-8365-1758491D6256}.Release|x64.Build.0 = Release|Any CPU
		{1EDE166D-A9D1-425F-8365-1758491D6256}.Release|x86.ActiveCfg = Release|Any CPU
		{1EDE166D-A9D1-425F-8365-1758491D6256}.Release|x86.Build.0 = Release|Any CPU
		{99E143C8-EC40-4731-AC0D-BD4D76E30531}.Debug|Any CPU.ActiveCfg = Debug|Any CPU
		{99E143C8-EC40-4731-AC0D-BD4D76E30531}.Debug|Any CPU.Build.0 = Debug|Any CPU
		{99E143C8-EC40-4731-AC0D-BD4D76E30531}.Debug|ARM.ActiveCfg = Debug|Any CPU
		{99E143C8-EC40-4731-AC0D-BD4D76E30531}.Debug|ARM.Build.0 = Debug|Any CPU
		{99E143C8-EC40-4731-AC0D-BD4D76E30531}.Debug|x64.ActiveCfg = Debug|Any CPU
		{99E143C8-EC40-4731-AC0D-BD4D76E30531}.Debug|x64.Build.0 = Debug|Any CPU
		{99E143C8-EC40-4731-AC0D-BD4D76E30531}.Debug|x86.ActiveCfg = Debug|Any CPU
		{99E143C8-EC40-4731-AC0D-BD4D76E30531}.Debug|x86.Build.0 = Debug|Any CPU
		{99E143C8-EC40-4731-AC0D-BD4D76E30531}.Release|Any CPU.ActiveCfg = Release|Any CPU
		{99E143C8-EC40-4731-AC0D-BD4D76E30531}.Release|Any CPU.Build.0 = Release|Any CPU
		{99E143C8-EC40-4731-AC0D-BD4D76E30531}.Release|ARM.ActiveCfg = Release|Any CPU
		{99E143C8-EC40-4731-AC0D-BD4D76E30531}.Release|ARM.Build.0 = Release|Any CPU
		{99E143C8-EC40-4731-AC0D-BD4D76E30531}.Release|x64.ActiveCfg = Release|Any CPU
		{99E143C8-EC40-4731-AC0D-BD4D76E30531}.Release|x64.Build.0 = Release|Any CPU
		{99E143C8-EC40-4731-AC0D-BD4D76E30531}.Release|x86.ActiveCfg = Release|Any CPU
		{99E143C8-EC40-4731-AC0D-BD4D76E30531}.Release|x86.Build.0 = Release|Any CPU
		{F414AF75-1A08-4CF8-8E95-73536EF7A940}.Debug|Any CPU.ActiveCfg = Debug|Any CPU
		{F414AF75-1A08-4CF8-8E95-73536EF7A940}.Debug|Any CPU.Build.0 = Debug|Any CPU
		{F414AF75-1A08-4CF8-8E95-73536EF7A940}.Debug|ARM.ActiveCfg = Debug|Any CPU
		{F414AF75-1A08-4CF8-8E95-73536EF7A940}.Debug|ARM.Build.0 = Debug|Any CPU
		{F414AF75-1A08-4CF8-8E95-73536EF7A940}.Debug|x64.ActiveCfg = Debug|Any CPU
		{F414AF75-1A08-4CF8-8E95-73536EF7A940}.Debug|x64.Build.0 = Debug|Any CPU
		{F414AF75-1A08-4CF8-8E95-73536EF7A940}.Debug|x86.ActiveCfg = Debug|Any CPU
		{F414AF75-1A08-4CF8-8E95-73536EF7A940}.Debug|x86.Build.0 = Debug|Any CPU
		{F414AF75-1A08-4CF8-8E95-73536EF7A940}.Release|Any CPU.ActiveCfg = Release|Any CPU
		{F414AF75-1A08-4CF8-8E95-73536EF7A940}.Release|Any CPU.Build.0 = Release|Any CPU
		{F414AF75-1A08-4CF8-8E95-73536EF7A940}.Release|ARM.ActiveCfg = Release|Any CPU
		{F414AF75-1A08-4CF8-8E95-73536EF7A940}.Release|ARM.Build.0 = Release|Any CPU
		{F414AF75-1A08-4CF8-8E95-73536EF7A940}.Release|x64.ActiveCfg = Release|Any CPU
		{F414AF75-1A08-4CF8-8E95-73536EF7A940}.Release|x64.Build.0 = Release|Any CPU
		{F414AF75-1A08-4CF8-8E95-73536EF7A940}.Release|x86.ActiveCfg = Release|Any CPU
		{F414AF75-1A08-4CF8-8E95-73536EF7A940}.Release|x86.Build.0 = Release|Any CPU
	EndGlobalSection
	GlobalSection(SolutionProperties) = preSolution
		HideSolutionNode = FALSE
	EndGlobalSection
	GlobalSection(ExtensibilityGlobals) = postSolution
		SolutionGuid = {19C903CD-6F89-42A5-B6E5-9E35B46FF889}
	EndGlobalSection
EndGlobal
